Microsoft Visual Studio Solution File, Format Version 11.00
# Visual Studio 2008

Project("{6266B592-EB97-B447-92F5-7597CFFA7A3B}") = "CreationWar_NewClient", "Assembly-CSharp-firstpass.csproj", "{21CA9246-07D8-D46A-FD8A-96A5D76DC625}"
EndProject
Project("{6266B592-EB97-B447-92F5-7597CFFA7A3B}") = "CreationWar_NewClient", "Assembly-CSharp.csproj", "{03C3F742-BF2E-915E-6515-4CB87E3D10BB}"
EndProject
Project("{6266B592-EB97-B447-92F5-7597CFFA7A3B}") = "CreationWar_NewClient", "Assembly-CSharp-Editor.csproj", "{CE6B0421-76A9-6106-19EC-F27E4106AB8E}"
EndProject
Project("{6266B592-EB97-B447-92F5-7597CFFA7A3B}") = "CreationWar_NewClient", "Assembly-UnityScript-firstpass.unityproj", "{C7935970-D745-11D8-A0A2-A8E8D9CECCB4}"
EndProject
Project("{6266B592-EB97-B447-92F5-7597CFFA7A3B}") = "CreationWar_NewClient", "Assembly-UnityScript.unityproj", "{766F6D11-08BD-37F2-19AE-603CFEA5F941}"
EndProject
Project("{6266B592-EB97-B447-92F5-7597CFFA7A3B}") = "CreationWar_NewClient", "Assembly-UnityScript-Editor-firstpass.unityproj", "{A07EA35E-AD46-2FCA-B3A3-C2D90FC7E029}"
EndProject
Project("{6266B592-EB97-B447-92F5-7597CFFA7A3B}") = "CreationWar_NewClient", "Assembly-UnityScript-Editor.unityproj", "{56ADDE94-FA60-74E9-D509-3C300482DBCB}"
EndProject
Global
	GlobalSection(SolutionConfigurationPlatforms) = preSolution
		Debug|Any CPU = Debug|Any CPU
		Release|Any CPU = Release|Any CPU
	EndGlobalSection
	GlobalSection(ProjectConfigurationPlatforms) = postSolution
		{21CA9246-07D8-D46A-FD8A-96A5D76DC625}.Debug|Any CPU.ActiveCfg = Debug|Any CPU
		{21CA9246-07D8-D46A-FD8A-96A5D76DC625}.Debug|Any CPU.Build.0 = Debug|Any CPU
		{21CA9246-07D8-D46A-FD8A-96A5D76DC625}.Release|Any CPU.ActiveCfg = Release|Any CPU
		{21CA9246-07D8-D46A-FD8A-96A5D76DC625}.Release|Any CPU.Build.0 = Release|Any CPU
		{03C3F742-BF2E-915E-6515-4CB87E3D10BB}.Debug|Any CPU.ActiveCfg = Debug|Any CPU
		{03C3F742-BF2E-915E-6515-4CB87E3D10BB}.Debug|Any CPU.Build.0 = Debug|Any CPU
		{03C3F742-BF2E-915E-6515-4CB87E3D10BB}.Release|Any CPU.ActiveCfg = Release|Any CPU
		{03C3F742-BF2E-915E-6515-4CB87E3D10BB}.Release|Any CPU.Build.0 = Release|Any CPU
		{CE6B0421-76A9-6106-19EC-F27E4106AB8E}.Debug|Any CPU.ActiveCfg = Debug|Any CPU
		{CE6B0421-76A9-6106-19EC-F27E4106AB8E}.Debug|Any CPU.Build.0 = Debug|Any CPU
		{CE6B0421-76A9-6106-19EC-F27E4106AB8E}.Release|Any CPU.ActiveCfg = Release|Any CPU
		{CE6B0421-76A9-6106-19EC-F27E4106AB8E}.Release|Any CPU.Build.0 = Release|Any CPU
		{C7935970-D745-11D8-A0A2-A8E8D9CECCB4}.Debug|Any CPU.ActiveCfg = Debug|Any CPU
		{C7935970-D745-11D8-A0A2-A8E8D9CECCB4}.Debug|Any CPU.Build.0 = Debug|Any CPU
		{C7935970-D745-11D8-A0A2-A8E8D9CECCB4}.Release|Any CPU.ActiveCfg = Release|Any CPU
		{C7935970-D745-11D8-A0A2-A8E8D9CECCB4}.Release|Any CPU.Build.0 = Release|Any CPU
		{766F6D11-08BD-37F2-19AE-603CFEA5F941}.Debug|Any CPU.ActiveCfg = Debug|Any CPU
		{766F6D11-08BD-37F2-19AE-603CFEA5F941}.Debug|Any CPU.Build.0 = Debug|Any CPU
		{766F6D11-08BD-37F2-19AE-603CFEA5F941}.Release|Any CPU.ActiveCfg = Release|Any CPU
		{766F6D11-08BD-37F2-19AE-603CFEA5F941}.Release|Any CPU.Build.0 = Release|Any CPU
		{A07EA35E-AD46-2FCA-B3A3-C2D90FC7E029}.Debug|Any CPU.ActiveCfg = Debug|Any CPU
		{A07EA35E-AD46-2FCA-B3A3-C2D90FC7E029}.Debug|Any CPU.Build.0 = Debug|Any CPU
		{A07EA35E-AD46-2FCA-B3A3-C2D90FC7E029}.Release|Any CPU.ActiveCfg = Release|Any CPU
		{A07EA35E-AD46-2FCA-B3A3-C2D90FC7E029}.Release|Any CPU.Build.0 = Release|Any CPU
		{56ADDE94-FA60-74E9-D509-3C300482DBCB}.Debug|Any CPU.ActiveCfg = Debug|Any CPU
		{56ADDE94-FA60-74E9-D509-3C300482DBCB}.Debug|Any CPU.Build.0 = Debug|Any CPU
		{56ADDE94-FA60-74E9-D509-3C300482DBCB}.Release|Any CPU.ActiveCfg = Release|Any CPU
		{56ADDE94-FA60-74E9-D509-3C300482DBCB}.Release|Any CPU.Build.0 = Release|Any CPU
	EndGlobalSection
	GlobalSection(SolutionProperties) = preSolution
		HideSolutionNode = FALSE
	EndGlobalSection
																																																																																																																																																																																																																																																																																																																																																																																																																																																																																																																																																																																																																																																																																																																																																																																																																																																																																																																																																																																																																																																																																																																																																																																																																																																																																																																																																																																																																																																																																																																																														GlobalSection(MonoDevelopProperties) = preSolution
		StartupItem = Assembly-CSharp.csproj
		Policies = $0
		$0.TextStylePolicy = $1
		$1.inheritsSet = null
		$1.scope = text/x-csharp
		$0.CSharpFormattingPolicy = $2
		$2.inheritsSet = Mono
		$2.inheritsScope = text/x-csharp
		$2.scope = text/x-csharp
		$0.TextStylePolicy = $3
		$3.FileWidth = 120
		$3.TabWidth = 4
		$3.EolMarker = Unix
		$3.inheritsSet = Mono
		$3.inheritsScope = text/plain
		$3.scope = text/plain
	EndGlobalSection

EndGlobal
