
Microsoft Visual Studio Solution File, Format Version 12.00
# Visual Studio 2012
Project("{FAE04EC0-301F-11D3-BF4B-00C04F79EFBC}") = "UnityVS.CreationWar_NewClient.CSharp.Plugins", "UnityVS.CreationWar_NewClient.CSharp.Plugins.csproj", "{11EF8A9A-676C-802B-22E1-D7D69DA0E38F}"
EndProject
Project("{FAE04EC0-301F-11D3-BF4B-00C04F79EFBC}") = "UnityVS.CreationWar_NewClient.CSharp.Editor", "UnityVS.CreationWar_NewClient.CSharp.Editor.csproj", "{C55966DE-9C98-45FA-103A-9846D9150521}"
EndProject
Project("{FAE04EC0-301F-11D3-BF4B-00C04F79EFBC}") = "UnityVS.CreationWar_NewClient.CSharp", "UnityVS.CreationWar_NewClient.CSharp.csproj", "{2E5D4F1B-A3EE-90AD-7A5F-69DC2DF799D5}"
EndProject
Global
	GlobalSection(SolutionConfigurationPlatforms) = preSolution
		Debug|Any CPU = Debug|Any CPU
		Release|Any CPU = Release|Any CPU
	EndGlobalSection
	GlobalSection(ProjectConfigurationPlatforms) = postSolution
		{11EF8A9A-676C-802B-22E1-D7D69DA0E38F}.Debug|Any CPU.ActiveCfg = Debug|Any CPU
		{11EF8A9A-676C-802B-22E1-D7D69DA0E38F}.Debug|Any CPU.Build.0 = Debug|Any CPU
		{11EF8A9A-676C-802B-22E1-D7D69DA0E38F}.Release|Any CPU.ActiveCfg = Release|Any CPU
		{11EF8A9A-676C-802B-22E1-D7D69DA0E38F}.Release|Any CPU.Build.0 = Release|Any CPU
		{C55966DE-9C98-45FA-103A-9846D9150521}.Debug|Any CPU.ActiveCfg = Debug|Any CPU
		{C55966DE-9C98-45FA-103A-9846D9150521}.Debug|Any CPU.Build.0 = Debug|Any CPU
		{C55966DE-9C98-45FA-103A-9846D9150521}.Release|Any CPU.ActiveCfg = Release|Any CPU
		{C55966DE-9C98-45FA-103A-9846D9150521}.Release|Any CPU.Build.0 = Release|Any CPU
		{2E5D4F1B-A3EE-90AD-7A5F-69DC2DF799D5}.Debug|Any CPU.ActiveCfg = Debug|Any CPU
		{2E5D4F1B-A3EE-90AD-7A5F-69DC2DF799D5}.Debug|Any CPU.Build.0 = Debug|Any CPU
		{2E5D4F1B-A3EE-90AD-7A5F-69DC2DF799D5}.Release|Any CPU.ActiveCfg = Release|Any CPU
		{2E5D4F1B-A3EE-90AD-7A5F-69DC2DF799D5}.Release|Any CPU.Build.0 = Release|Any CPU
	EndGlobalSection
	GlobalSection(SolutionProperties) = preSolution
		HideSolutionNode = FALSE
	EndGlobalSection
EndGlobal
