
Microsoft Visual Studio Solution File, Format Version 12.00
# Visual Studio 15
Project("{FAE04EC0-301F-11D3-BF4B-00C04F79EFBC}") = "NetworkTest", "Assembly-CSharp.csproj", "{489CA3C4-DFBE-AA71-CF2A-406118B5137C}"
EndProject
Project("{FAE04EC0-301F-11D3-BF4B-00C04F79EFBC}") = "NetworkTest", "Assembly-CSharp-firstpass.csproj", "{0CACF304-63C6-CF25-0370-130FC2FD7BDE}"
EndProject
Global
	GlobalSection(SolutionConfigurationPlatforms) = preSolution
		Debug|Any CPU = Debug|Any CPU
		Release|Any CPU = Release|Any CPU
	EndGlobalSection
	GlobalSection(ProjectConfigurationPlatforms) = postSolution
		{489CA3C4-DFBE-AA71-CF2A-406118B5137C}.Debug|Any CPU.ActiveCfg = Debug|Any CPU
		{489CA3C4-DFBE-AA71-CF2A-406118B5137C}.Debug|Any CPU.Build.0 = Debug|Any CPU
		{489CA3C4-DFBE-AA71-CF2A-406118B5137C}.Release|Any CPU.ActiveCfg = Release|Any CPU
		{489CA3C4-DFBE-AA71-CF2A-406118B5137C}.Release|Any CPU.Build.0 = Release|Any CPU
		{0CACF304-63C6-CF25-0370-130FC2FD7BDE}.Debug|Any CPU.ActiveCfg = Debug|Any CPU
		{0CACF304-63C6-CF25-0370-130FC2FD7BDE}.Debug|Any CPU.Build.0 = Debug|Any CPU
		{0CACF304-63C6-CF25-0370-130FC2FD7BDE}.Release|Any CPU.ActiveCfg = Release|Any CPU
		{0CACF304-63C6-CF25-0370-130FC2FD7BDE}.Release|Any CPU.Build.0 = Release|Any CPU
	EndGlobalSection
	GlobalSection(SolutionProperties) = preSolution
		HideSolutionNode = FALSE
	EndGlobalSection
EndGlobal
