Microsoft Visual Studio Solution File, Format Version 11.00
# Visual Studio 2008

Project("{AF5E8B13-2851-211D-080A-C046D67A9ACA}") = "client_4.6", "Assembly-CSharp-firstpass.csproj", "{AE283567-DC81-F1C3-F220-E5CBC3B0C712}"
EndProject
Project("{AF5E8B13-2851-211D-080A-C046D67A9ACA}") = "client_4.6", "Assembly-CSharp.csproj", "{47A293F1-A2ED-3F2D-25AD-3A94463026AD}"
EndProject
Project("{AF5E8B13-2851-211D-080A-C046D67A9ACA}") = "client_4.6", "Assembly-CSharp-Editor.csproj", "{079F5C59-2A61-2B5A-5DF2-37FCF21A6EEE}"
EndProject
Project("{AF5E8B13-2851-211D-080A-C046D67A9ACA}") = "client_4.6", "Assembly-UnityScript-firstpass.unityproj", "{AEEB79AA-89FD-96B2-0057-3F8DBF15EBC0}"
EndProject
Project("{AF5E8B13-2851-211D-080A-C046D67A9ACA}") = "client_4.6", "Assembly-UnityScript.unityproj", "{B3D93336-FB95-F69D-44A5-461B2CDAA032}"
EndProject
Project("{AF5E8B13-2851-211D-080A-C046D67A9ACA}") = "client_4.6", "Assembly-UnityScript-Editor.unityproj", "{8DD02527-E8BB-F03C-9716-7FECD009753F}"
EndProject
Global
	GlobalSection(SolutionConfigurationPlatforms) = preSolution
		Debug|Any CPU = Debug|Any CPU
		Release|Any CPU = Release|Any CPU
	EndGlobalSection
	GlobalSection(ProjectConfigurationPlatforms) = postSolution
		{AE283567-DC81-F1C3-F220-E5CBC3B0C712}.Debug|Any CPU.ActiveCfg = Debug|Any CPU
		{AE283567-DC81-F1C3-F220-E5CBC3B0C712}.Debug|Any CPU.Build.0 = Debug|Any CPU
		{AE283567-DC81-F1C3-F220-E5CBC3B0C712}.Release|Any CPU.ActiveCfg = Release|Any CPU
		{AE283567-DC81-F1C3-F220-E5CBC3B0C712}.Release|Any CPU.Build.0 = Release|Any CPU
		{47A293F1-A2ED-3F2D-25AD-3A94463026AD}.Debug|Any CPU.ActiveCfg = Debug|Any CPU
		{47A293F1-A2ED-3F2D-25AD-3A94463026AD}.Debug|Any CPU.Build.0 = Debug|Any CPU
		{47A293F1-A2ED-3F2D-25AD-3A94463026AD}.Release|Any CPU.ActiveCfg = Release|Any CPU
		{47A293F1-A2ED-3F2D-25AD-3A94463026AD}.Release|Any CPU.Build.0 = Release|Any CPU
		{079F5C59-2A61-2B5A-5DF2-37FCF21A6EEE}.Debug|Any CPU.ActiveCfg = Debug|Any CPU
		{079F5C59-2A61-2B5A-5DF2-37FCF21A6EEE}.Debug|Any CPU.Build.0 = Debug|Any CPU
		{079F5C59-2A61-2B5A-5DF2-37FCF21A6EEE}.Release|Any CPU.ActiveCfg = Release|Any CPU
		{079F5C59-2A61-2B5A-5DF2-37FCF21A6EEE}.Release|Any CPU.Build.0 = Release|Any CPU
		{AEEB79AA-89FD-96B2-0057-3F8DBF15EBC0}.Debug|Any CPU.ActiveCfg = Debug|Any CPU
		{AEEB79AA-89FD-96B2-0057-3F8DBF15EBC0}.Debug|Any CPU.Build.0 = Debug|Any CPU
		{AEEB79AA-89FD-96B2-0057-3F8DBF15EBC0}.Release|Any CPU.ActiveCfg = Release|Any CPU
		{AEEB79AA-89FD-96B2-0057-3F8DBF15EBC0}.Release|Any CPU.Build.0 = Release|Any CPU
		{B3D93336-FB95-F69D-44A5-461B2CDAA032}.Debug|Any CPU.ActiveCfg = Debug|Any CPU
		{B3D93336-FB95-F69D-44A5-461B2CDAA032}.Debug|Any CPU.Build.0 = Debug|Any CPU
		{B3D93336-FB95-F69D-44A5-461B2CDAA032}.Release|Any CPU.ActiveCfg = Release|Any CPU
		{B3D93336-FB95-F69D-44A5-461B2CDAA032}.Release|Any CPU.Build.0 = Release|Any CPU
		{8DD02527-E8BB-F03C-9716-7FECD009753F}.Debug|Any CPU.ActiveCfg = Debug|Any CPU
		{8DD02527-E8BB-F03C-9716-7FECD009753F}.Debug|Any CPU.Build.0 = Debug|Any CPU
		{8DD02527-E8BB-F03C-9716-7FECD009753F}.Release|Any CPU.ActiveCfg = Release|Any CPU
		{8DD02527-E8BB-F03C-9716-7FECD009753F}.Release|Any CPU.Build.0 = Release|Any CPU
	EndGlobalSection
	GlobalSection(SolutionProperties) = preSolution
		HideSolutionNode = FALSE
	EndGlobalSection
	GlobalSection(MonoDevelopProperties) = preSolution
		StartupItem = Assembly-CSharp.csproj
		Policies = $0
		$0.TextStylePolicy = $1
		$1.inheritsSet = null
		$1.scope = text/x-csharp
		$0.CSharpFormattingPolicy = $2
		$2.inheritsSet = Mono
		$2.inheritsScope = text/x-csharp
		$2.scope = text/x-csharp
		$0.TextStylePolicy = $3
		$3.FileWidth = 120
		$3.TabWidth = 4
		$3.IndentWidth = 4
		$3.EolMarker = Unix
		$3.inheritsSet = Mono
		$3.inheritsScope = text/plain
		$3.scope = text/plain
	EndGlobalSection
EndGlobal
