Microsoft Visual Studio Solution File, Format Version 11.00
# Visual Studio 2008

Project("{18E90C94-F30E-C9E0-E059-5A336E8D314D}") = "New Project", "Assembly-CSharp-firstpass-vs.csproj", "{620CC2B3-30E1-EA51-D845-2D2EBE9F06B9}"
EndProject
Project("{18E90C94-F30E-C9E0-E059-5A336E8D314D}") = "New Project", "Assembly-CSharp-vs.csproj", "{63FF453C-093C-D4B5-5060-95C6A24FEC85}"
EndProject
Project("{18E90C94-F30E-C9E0-E059-5A336E8D314D}") = "New Project", "Assembly-CSharp-Editor-vs.csproj", "{091AF97C-3B1B-4061-8C78-B9AE705DABBF}"
EndProject
Global
	GlobalSection(SolutionConfigurationPlatforms) = preSolution
		Debug|Any CPU = Debug|Any CPU
		Release|Any CPU = Release|Any CPU
	EndGlobalSection
	GlobalSection(ProjectConfigurationPlatforms) = postSolution
		{620CC2B3-30E1-EA51-D845-2D2EBE9F06B9}.Debug|Any CPU.ActiveCfg = Debug|Any CPU
		{620CC2B3-30E1-EA51-D845-2D2EBE9F06B9}.Debug|Any CPU.Build.0 = Debug|Any CPU
		{620CC2B3-30E1-EA51-D845-2D2EBE9F06B9}.Release|Any CPU.ActiveCfg = Release|Any CPU
		{620CC2B3-30E1-EA51-D845-2D2EBE9F06B9}.Release|Any CPU.Build.0 = Release|Any CPU
		{63FF453C-093C-D4B5-5060-95C6A24FEC85}.Debug|Any CPU.ActiveCfg = Debug|Any CPU
		{63FF453C-093C-D4B5-5060-95C6A24FEC85}.Debug|Any CPU.Build.0 = Debug|Any CPU
		{63FF453C-093C-D4B5-5060-95C6A24FEC85}.Release|Any CPU.ActiveCfg = Release|Any CPU
		{63FF453C-093C-D4B5-5060-95C6A24FEC85}.Release|Any CPU.Build.0 = Release|Any CPU
		{091AF97C-3B1B-4061-8C78-B9AE705DABBF}.Debug|Any CPU.ActiveCfg = Debug|Any CPU
		{091AF97C-3B1B-4061-8C78-B9AE705DABBF}.Debug|Any CPU.Build.0 = Debug|Any CPU
		{091AF97C-3B1B-4061-8C78-B9AE705DABBF}.Release|Any CPU.ActiveCfg = Release|Any CPU
		{091AF97C-3B1B-4061-8C78-B9AE705DABBF}.Release|Any CPU.Build.0 = Release|Any CPU
	EndGlobalSection
	GlobalSection(SolutionProperties) = preSolution
		HideSolutionNode = FALSE
	EndGlobalSection
																																																																																																																																																																																																																																																																																																																																																																																																																																																																																																																																																																																																																																																																																																																																																																																																																																																																																																																																																																																																																															GlobalSection(MonoDevelopProperties) = preSolution
		StartupItem = Assembly-CSharp.csproj
		Policies = $0
		$0.TextStylePolicy = $1
		$1.inheritsSet = null
		$1.scope = text/x-csharp
		$0.CSharpFormattingPolicy = $2
		$2.inheritsSet = Mono
		$2.inheritsScope = text/x-csharp
		$2.scope = text/x-csharp
		$0.TextStylePolicy = $3
		$3.FileWidth = 120
		$3.TabWidth = 4
		$3.EolMarker = Unix
		$3.inheritsSet = Mono
		$3.inheritsScope = text/plain
		$3.scope = text/plain
	EndGlobalSection

EndGlobal
