
Microsoft Visual Studio Solution File, Format Version 12.00
# Visual Studio 15
Project("{FAE04EC0-301F-11D3-BF4B-00C04F79EFBC}") = "SixProject", "Assembly-CSharp.csproj", "{419CBB38-90E7-C4C3-705A-911791C15D38}"
EndProject
Project("{FAE04EC0-301F-11D3-BF4B-00C04F79EFBC}") = "SixProject", "Assembly-CSharp-firstpass.csproj", "{3EA09CDA-6DA3-E113-8484-2CB7EF6F4532}"
EndProject
Project("{FAE04EC0-301F-11D3-BF4B-00C04F79EFBC}") = "SixProject", "Assembly-CSharp-Editor.csproj", "{F4A4FB42-6B6E-BCF2-15F6-55AD2746384B}"
EndProject
Global
	GlobalSection(SolutionConfigurationPlatforms) = preSolution
		Debug|Any CPU = Debug|Any CPU
		Release|Any CPU = Release|Any CPU
	EndGlobalSection
	GlobalSection(ProjectConfigurationPlatforms) = postSolution
		{419CBB38-90E7-C4C3-705A-911791C15D38}.Debug|Any CPU.ActiveCfg = Debug|Any CPU
		{419CBB38-90E7-C4C3-705A-911791C15D38}.Debug|Any CPU.Build.0 = Debug|Any CPU
		{419CBB38-90E7-C4C3-705A-911791C15D38}.Release|Any CPU.ActiveCfg = Release|Any CPU
		{419CBB38-90E7-C4C3-705A-911791C15D38}.Release|Any CPU.Build.0 = Release|Any CPU
		{3EA09CDA-6DA3-E113-8484-2CB7EF6F4532}.Debug|Any CPU.ActiveCfg = Debug|Any CPU
		{3EA09CDA-6DA3-E113-8484-2CB7EF6F4532}.Debug|Any CPU.Build.0 = Debug|Any CPU
		{3EA09CDA-6DA3-E113-8484-2CB7EF6F4532}.Release|Any CPU.ActiveCfg = Release|Any CPU
		{3EA09CDA-6DA3-E113-8484-2CB7EF6F4532}.Release|Any CPU.Build.0 = Release|Any CPU
		{F4A4FB42-6B6E-BCF2-15F6-55AD2746384B}.Debug|Any CPU.ActiveCfg = Debug|Any CPU
		{F4A4FB42-6B6E-BCF2-15F6-55AD2746384B}.Debug|Any CPU.Build.0 = Debug|Any CPU
		{F4A4FB42-6B6E-BCF2-15F6-55AD2746384B}.Release|Any CPU.ActiveCfg = Release|Any CPU
		{F4A4FB42-6B6E-BCF2-15F6-55AD2746384B}.Release|Any CPU.Build.0 = Release|Any CPU
	EndGlobalSection
	GlobalSection(SolutionProperties) = preSolution
		HideSolutionNode = FALSE
	EndGlobalSection
EndGlobal
